
Microsoft Visual Studio Solution File, Format Version 12.00
# Visual Studio Version 16
VisualStudioVersion = 16.0.31205.134
MinimumVisualStudioVersion = 10.0.40219.1
Project("{9A19103F-16F7-4668-BE54-9A1E7A4F7556}") = "BlazorCodeGenerator", "BlazorCodeGenerator\BlazorCodeGenerator.csproj", "{BDE565FD-E546-481D-9658-880463D49C23}"
EndProject
Project("{9A19103F-16F7-4668-BE54-9A1E7A4F7556}") = "DemoConsoleApp", "DemoConsoleApp\DemoConsoleApp.csproj", "{60D79AE8-9C16-4744-BD2E-90D1C530DDC2}"
EndProject
Project("{9A19103F-16F7-4668-BE54-9A1E7A4F7556}") = "MySourceGenerator", "MySourceGenerator\MySourceGenerator.csproj", "{5C9E7FB6-61F3-4B31-8BB8-C46529B732A3}"
EndProject
Global
	GlobalSection(SolutionConfigurationPlatforms) = preSolution
		Debug|Any CPU = Debug|Any CPU
		Release|Any CPU = Release|Any CPU
	EndGlobalSection
	GlobalSection(ProjectConfigurationPlatforms) = postSolution
		{BDE565FD-E546-481D-9658-880463D49C23}.Debug|Any CPU.ActiveCfg = Debug|Any CPU
		{BDE565FD-E546-481D-9658-880463D49C23}.Debug|Any CPU.Build.0 = Debug|Any CPU
		{BDE565FD-E546-481D-9658-880463D49C23}.Release|Any CPU.ActiveCfg = Release|Any CPU
		{BDE565FD-E546-481D-9658-880463D49C23}.Release|Any CPU.Build.0 = Release|Any CPU
		{60D79AE8-9C16-4744-BD2E-90D1C530DDC2}.Debug|Any CPU.ActiveCfg = Debug|Any CPU
		{60D79AE8-9C16-4744-BD2E-90D1C530DDC2}.Debug|Any CPU.Build.0 = Debug|Any CPU
		{60D79AE8-9C16-4744-BD2E-90D1C530DDC2}.Release|Any CPU.ActiveCfg = Release|Any CPU
		{60D79AE8-9C16-4744-BD2E-90D1C530DDC2}.Release|Any CPU.Build.0 = Release|Any CPU
		{5C9E7FB6-61F3-4B31-8BB8-C46529B732A3}.Debug|Any CPU.ActiveCfg = Debug|Any CPU
		{5C9E7FB6-61F3-4B31-8BB8-C46529B732A3}.Debug|Any CPU.Build.0 = Debug|Any CPU
		{5C9E7FB6-61F3-4B31-8BB8-C46529B732A3}.Release|Any CPU.ActiveCfg = Release|Any CPU
		{5C9E7FB6-61F3-4B31-8BB8-C46529B732A3}.Release|Any CPU.Build.0 = Release|Any CPU
	EndGlobalSection
	GlobalSection(SolutionProperties) = preSolution
		HideSolutionNode = FALSE
	EndGlobalSection
	GlobalSection(ExtensibilityGlobals) = postSolution
		SolutionGuid = {5249E560-DA7C-4E32-BC57-3F3D0A3326E5}
	EndGlobalSection
EndGlobal
